// !$*UTF8*$!
{
	archiveVersion = 1;
	classes = {
	};
	objectVersion = 56;
	objects = {

/* Begin PBXBuildFile section */
		36130C922FD55F430078FFB3 /* SkySaysApp.swift in Sources */ = {isa = PBXBuildFile; fileRef = 36130C912FD55F430078FFB3 /* SkySaysApp.swift */; };
		36130C942FD55F430078FFB3 /* ContentView.swift in Sources */ = {isa = PBXBuildFile; fileRef = 36130C932FD55F430078FFB3 /* ContentView.swift */; };
		36130C982FD55F4A0078FFB3 /* Assets.xcassets in Resources */ = {isa = PBXBuildFile; fileRef = 36130C972FD55F4A0078FFB3 /* Assets.xcassets */; };
		36130C9B2FD55F4A0078FFB3 /* Preview Assets.xcassets in Resources */ = {isa = PBXBuildFile; fileRef = 36130C9A2FD55F4A0078FFB3 /* Preview Assets.xcassets */; };
		36130CA52FD55F4B0078FFB3 /* SkySaysTests.swift in Sources */ = {isa = PBXBuildFile; fileRef = 36130CA42FD55F4B0078FFB3 /* SkySaysTests.swift */; };
		36130CAF2FD55F4B0078FFB3 /* SkySaysUITests.swift in Sources */ = {isa = PBXBuildFile; fileRef = 36130CAE2FD55F4B0078FFB3 /* SkySaysUITests.swift */; };
		36130CB12FD55F4B0078FFB3 /* SkySaysUITestsLaunchTests.swift in Sources */ = {isa = PBXBuildFile; fileRef = 36130CB02FD55F4B0078FFB3 /* SkySaysUITestsLaunchTests.swift */; };
		3685839B2FD5781400B3C36F /* SavedLocation.swift in Sources */ = {isa = PBXBuildFile; fileRef = 3685839A2FD5781400B3C36F /* SavedLocation.swift */; };
		3685839D2FD5782900B3C36F /* WeatherModel.swift in Sources */ = {isa = PBXBuildFile; fileRef = 3685839C2FD5782900B3C36F /* WeatherModel.swift */; };
		3685839F2FD5788E00B3C36F /* LocationInfo.swift in Sources */ = {isa = PBXBuildFile; fileRef = 3685839E2FD5788E00B3C36F /* LocationInfo.swift */; };
		368583A12FD578AD00B3C36F /* CurrentWeather.swift in Sources */ = {isa = PBXBuildFile; fileRef = 368583A02FD578AD00B3C36F /* CurrentWeather.swift */; };
		368583A52FD5797700B3C36F /* ForecastDay.swift in Sources */ = {isa = PBXBuildFile; fileRef = 368583A42FD5797700B3C36F /* ForecastDay.swift */; };
		368583A82FD579DE00B3C36F /* WeatherService.swift in Sources */ = {isa = PBXBuildFile; fileRef = 368583A72FD579DE00B3C36F /* WeatherService.swift */; };
		368583AB2FD57A3800B3C36F /* General.swift in Sources */ = {isa = PBXBuildFile; fileRef = 368583AA2FD57A3800B3C36F /* General.swift */; };
		368583B02FD57B1200B3C36F /* BottomStatsSection.swift in Sources */ = {isa = PBXBuildFile; fileRef = 368583AF2FD57B1200B3C36F /* BottomStatsSection.swift */; };
		368583B22FD57B4800B3C36F /* ForecastSection.swift in Sources */ = {isa = PBXBuildFile; fileRef = 368583B12FD57B4800B3C36F /* ForecastSection.swift */; };
		368583B42FD57B9300B3C36F /* HourlyForecastView.swift in Sources */ = {isa = PBXBuildFile; fileRef = 368583B32FD57B9300B3C36F /* HourlyForecastView.swift */; };
		368583B62FD57BBC00B3C36F /* SavedLocationView.swift in Sources */ = {isa = PBXBuildFile; fileRef = 368583B52FD57BBC00B3C36F /* SavedLocationView.swift */; };
		368583B82FD57C0100B3C36F /* TopWeatherSection.swift in Sources */ = {isa = PBXBuildFile; fileRef = 368583B72FD57C0100B3C36F /* TopWeatherSection.swift */; };
		368583BA2FD57C2500B3C36F /* WeatherBackground.swift in Sources */ = {isa = PBXBuildFile; fileRef = 368583B92FD57C2500B3C36F /* WeatherBackground.swift */; };
		368583BC2FD57C5000B3C36F /* WeatherDetailView.swift in Sources */ = {isa = PBXBuildFile; fileRef = 368583BB2FD57C5000B3C36F /* WeatherDetailView.swift */; };
		368583BE2FD57C7400B3C36F /* WeatherIconView.swift in Sources */ = {isa = PBXBuildFile; fileRef = 368583BD2FD57C7400B3C36F /* WeatherIconView.swift */; };
		36A690EB2FD9876700AF164A /* WeatherError.swift in Sources */ = {isa = PBXBuildFile; fileRef = 36A690EA2FD9876600AF164A /* WeatherError.swift */; };
		36BE6FD02FD7EA4A00709155 /* HourlyViewModel.swift in Sources */ = {isa = PBXBuildFile; fileRef = 36BE6FCF2FD7EA4A00709155 /* HourlyViewModel.swift */; };
		36BE6FD22FD7EA6E00709155 /* SearchViewModel.swift in Sources */ = {isa = PBXBuildFile; fileRef = 36BE6FD12FD7EA6E00709155 /* SearchViewModel.swift */; };
		36BE6FD42FD7EA8A00709155 /* WeatherViewModel.swift in Sources */ = {isa = PBXBuildFile; fileRef = 36BE6FD32FD7EA8A00709155 /* WeatherViewModel.swift */; };
/* End PBXBuildFile section */

/* Begin PBXContainerItemProxy section */
		36130CA12FD55F4B0078FFB3 /* PBXContainerItemProxy */ = {
			isa = PBXContainerItemProxy;
			containerPortal = 36130C862FD55F430078FFB3 /* Project object */;
			proxyType = 1;
			remoteGlobalIDString = 36130C8D2FD55F430078FFB3;
			remoteInfo = SkySays;
		};
		36130CAB2FD55F4B0078FFB3 /* PBXContainerItemProxy */ = {
			isa = PBXContainerItemProxy;
			containerPortal = 36130C862FD55F430078FFB3 /* Project object */;
			proxyType = 1;
			remoteGlobalIDString = 36130C8D2FD55F430078FFB3;
			remoteInfo = SkySays;
		};
/* End PBXContainerItemProxy section */

/* Begin PBXFileReference section */
		36130C8E2FD55F430078FFB3 /* SkySays.app */ = {isa = PBXFileReference; explicitFileType = wrapper.application; includeInIndex = 0; path = SkySays.app; sourceTree = BUILT_PRODUCTS_DIR; };
		36130C912FD55F430078FFB3 /* SkySaysApp.swift */ = {isa = PBXFileReference; lastKnownFileType = sourcecode.swift; path = SkySaysApp.swift; sourceTree = "<group>"; };
		36130C932FD55F430078FFB3 /* ContentView.swift */ = {isa = PBXFileReference; lastKnownFileType = sourcecode.swift; path = ContentView.swift; sourceTree = "<group>"; };
		36130C972FD55F4A0078FFB3 /* Assets.xcassets */ = {isa = PBXFileReference; lastKnownFileType = folder.assetcatalog; path = Assets.xcassets; sourceTree = "<group>"; };
		36130C9A2FD55F4A0078FFB3 /* Preview Assets.xcassets */ = {isa = PBXFileReference; lastKnownFileType = folder.assetcatalog; path = "Preview Assets.xcassets"; sourceTree = "<group>"; };
		36130CA02FD55F4B0078FFB3 /* SkySaysTests.xctest */ = {isa = PBXFileReference; explicitFileType = wrapper.cfbundle; includeInIndex = 0; path = SkySaysTests.xctest; sourceTree = BUILT_PRODUCTS_DIR; };
		36130CA42FD55F4B0078FFB3 /* SkySaysTests.swift */ = {isa = PBXFileReference; lastKnownFileType = sourcecode.swift; path = SkySaysTests.swift; sourceTree = "<group>"; };
		36130CAA2FD55F4B0078FFB3 /* SkySaysUITests.xctest */ = {isa = PBXFileReference; explicitFileType = wrapper.cfbundle; includeInIndex = 0; path = SkySaysUITests.xctest; sourceTree = BUILT_PRODUCTS_DIR; };
		36130CAE2FD55F4B0078FFB3 /* SkySaysUITests.swift */ = {isa = PBXFileReference; lastKnownFileType = sourcecode.swift; path = SkySaysUITests.swift; sourceTree = "<group>"; };
		36130CB02FD55F4B0078FFB3 /* SkySaysUITestsLaunchTests.swift */ = {isa = PBXFileReference; lastKnownFileType = sourcecode.swift; path = SkySaysUITestsLaunchTests.swift; sourceTree = "<group>"; };
		3685839A2FD5781400B3C36F /* SavedLocation.swift */ = {isa = PBXFileReference; lastKnownFileType = sourcecode.swift; path = SavedLocation.swift; sourceTree = "<group>"; };
		3685839C2FD5782900B3C36F /* WeatherModel.swift */ = {isa = PBXFileReference; lastKnownFileType = sourcecode.swift; path = WeatherModel.swift; sourceTree = "<group>"; };
		3685839E2FD5788E00B3C36F /* LocationInfo.swift */ = {isa = PBXFileReference; lastKnownFileType = sourcecode.swift; path = LocationInfo.swift; sourceTree = "<group>"; };
		368583A02FD578AD00B3C36F /* CurrentWeather.swift */ = {isa = PBXFileReference; lastKnownFileType = sourcecode.swift; path = CurrentWeather.swift; sourceTree = "<group>"; };
		368583A42FD5797700B3C36F /* ForecastDay.swift */ = {isa = PBXFileReference; lastKnownFileType = sourcecode.swift; path = ForecastDay.swift; sourceTree = "<group>"; };
		368583A72FD579DE00B3C36F /* WeatherService.swift */ = {isa = PBXFileReference; lastKnownFileType = sourcecode.swift; path = WeatherService.swift; sourceTree = "<group>"; };
		368583AA2FD57A3800B3C36F /* General.swift */ = {isa = PBXFileReference; lastKnownFileType = sourcecode.swift; path = General.swift; sourceTree = "<group>"; };
		368583AF2FD57B1200B3C36F /* BottomStatsSection.swift */ = {isa = PBXFileReference; lastKnownFileType = sourcecode.swift; path = BottomStatsSection.swift; sourceTree = "<group>"; };
		368583B12FD57B4800B3C36F /* ForecastSection.swift */ = {isa = PBXFileReference; lastKnownFileType = sourcecode.swift; path = ForecastSection.swift; sourceTree = "<group>"; };
		368583B32FD57B9300B3C36F /* HourlyForecastView.swift */ = {isa = PBXFileReference; lastKnownFileType = sourcecode.swift; path = HourlyForecastView.swift; sourceTree = "<group>"; };
		368583B52FD57BBC00B3C36F /* SavedLocationView.swift */ = {isa = PBXFileReference; lastKnownFileType = sourcecode.swift; path = SavedLocationView.swift; sourceTree = "<group>"; };
		368583B72FD57C0100B3C36F /* TopWeatherSection.swift */ = {isa = PBXFileReference; lastKnownFileType = sourcecode.swift; path = TopWeatherSection.swift; sourceTree = "<group>"; };
		368583B92FD57C2500B3C36F /* WeatherBackground.swift */ = {isa = PBXFileReference; lastKnownFileType = sourcecode.swift; path = WeatherBackground.swift; sourceTree = "<group>"; };
		368583BB2FD57C5000B3C36F /* WeatherDetailView.swift */ = {isa = PBXFileReference; lastKnownFileType = sourcecode.swift; path = WeatherDetailView.swift; sourceTree = "<group>"; };
		368583BD2FD57C7400B3C36F /* WeatherIconView.swift */ = {isa = PBXFileReference; lastKnownFileType = sourcecode.swift; path = WeatherIconView.swift; sourceTree = "<group>"; };
		36A690EA2FD9876600AF164A /* WeatherError.swift */ = {isa = PBXFileReference; lastKnownFileType = sourcecode.swift; path = WeatherError.swift; sourceTree = "<group>"; };
		36A690EC2FD988A500AF164A /* Secrets.xcconfig */ = {isa = PBXFileReference; lastKnownFileType = text.xcconfig; path = Secrets.xcconfig; sourceTree = "<group>"; };
		36A690ED2FD9890000AF164A /* Info.plist */ = {isa = PBXFileReference; lastKnownFileType = text.plist; path = Info.plist; sourceTree = "<group>"; };
		36BE6FCF2FD7EA4A00709155 /* HourlyViewModel.swift */ = {isa = PBXFileReference; lastKnownFileType = sourcecode.swift; path = HourlyViewModel.swift; sourceTree = "<group>"; };
		36BE6FD12FD7EA6E00709155 /* SearchViewModel.swift */ = {isa = PBXFileReference; lastKnownFileType = sourcecode.swift; path = SearchViewModel.swift; sourceTree = "<group>"; };
		36BE6FD32FD7EA8A00709155 /* WeatherViewModel.swift */ = {isa = PBXFileReference; lastKnownFileType = sourcecode.swift; path = WeatherViewModel.swift; sourceTree = "<group>"; };
/* End PBXFileReference section */

/* Begin PBXFrameworksBuildPhase section */
		36130C8B2FD55F430078FFB3 /* Frameworks */ = {
			isa = PBXFrameworksBuildPhase;
			buildActionMask = 2147483647;
			files = (
			);
			runOnlyForDeploymentPostprocessing = 0;
		};
		36130C9D2FD55F4B0078FFB3 /* Frameworks */ = {
			isa = PBXFrameworksBuildPhase;
			buildActionMask = 2147483647;
			files = (
			);
			runOnlyForDeploymentPostprocessing = 0;
		};
		36130CA72FD55F4B0078FFB3 /* Frameworks */ = {
			isa = PBXFrameworksBuildPhase;
			buildActionMask = 2147483647;
			files = (
			);
			runOnlyForDeploymentPostprocessing = 0;
		};
/* End PBXFrameworksBuildPhase section */

/* Begin PBXGroup section */
		36130C852FD55F430078FFB3 = {
			isa = PBXGroup;
			children = (
				36130C902FD55F430078FFB3 /* SkySays */,
				36130CA32FD55F4B0078FFB3 /* SkySaysTests */,
				36130CAD2FD55F4B0078FFB3 /* SkySaysUITests */,
				36130C8F2FD55F430078FFB3 /* Products */,
			);
			sourceTree = "<group>";
		};
		36130C8F2FD55F430078FFB3 /* Products */ = {
			isa = PBXGroup;
			children = (
				36130C8E2FD55F430078FFB3 /* SkySays.app */,
				36130CA02FD55F4B0078FFB3 /* SkySaysTests.xctest */,
				36130CAA2FD55F4B0078FFB3 /* SkySaysUITests.xctest */,
			);
			name = Products;
			sourceTree = "<group>";
		};
		36130C902FD55F430078FFB3 /* SkySays */ = {
			isa = PBXGroup;
			children = (
				36A690ED2FD9890000AF164A /* Info.plist */,
				36BE6FCE2FD7EA2B00709155 /* viewmodel */,
				368583AE2FD57AA600B3C36F /* view */,
				368583A92FD57A0A00B3C36F /* utilities */,
				368583A62FD579C600B3C36F /* service */,
				368583992FD577F500B3C36F /* model */,
				36130C912FD55F430078FFB3 /* SkySaysApp.swift */,
				36130C932FD55F430078FFB3 /* ContentView.swift */,
				36130C972FD55F4A0078FFB3 /* Assets.xcassets */,
				36130C992FD55F4A0078FFB3 /* Preview Content */,
			);
			path = SkySays;
			sourceTree = "<group>";
		};
		36130C992FD55F4A0078FFB3 /* Preview Content */ = {
			isa = PBXGroup;
			children = (
				36130C9A2FD55F4A0078FFB3 /* Preview Assets.xcassets */,
			);
			path = "Preview Content";
			sourceTree = "<group>";
		};
		36130CA32FD55F4B0078FFB3 /* SkySaysTests */ = {
			isa = PBXGroup;
			children = (
				36130CA42FD55F4B0078FFB3 /* SkySaysTests.swift */,
			);
			path = SkySaysTests;
			sourceTree = "<group>";
		};
		36130CAD2FD55F4B0078FFB3 /* SkySaysUITests */ = {
			isa = PBXGroup;
			children = (
				36130CAE2FD55F4B0078FFB3 /* SkySaysUITests.swift */,
				36130CB02FD55F4B0078FFB3 /* SkySaysUITestsLaunchTests.swift */,
			);
			path = SkySaysUITests;
			sourceTree = "<group>";
		};
		368583992FD577F500B3C36F /* model */ = {
			isa = PBXGroup;
			children = (
				3685839A2FD5781400B3C36F /* SavedLocation.swift */,
				3685839C2FD5782900B3C36F /* WeatherModel.swift */,
				3685839E2FD5788E00B3C36F /* LocationInfo.swift */,
				368583A02FD578AD00B3C36F /* CurrentWeather.swift */,
				368583A42FD5797700B3C36F /* ForecastDay.swift */,
			);
			path = model;
			sourceTree = "<group>";
		};
		368583A62FD579C600B3C36F /* service */ = {
			isa = PBXGroup;
			children = (
				368583A72FD579DE00B3C36F /* WeatherService.swift */,
				36A690EC2FD988A500AF164A /* Secrets.xcconfig */,
			);
			path = service;
			sourceTree = "<group>";
		};
		368583A92FD57A0A00B3C36F /* utilities */ = {
			isa = PBXGroup;
			children = (
				368583AA2FD57A3800B3C36F /* General.swift */,
				36A690EA2FD9876600AF164A /* WeatherError.swift */,
			);
			path = utilities;
			sourceTree = "<group>";
		};
		368583AE2FD57AA600B3C36F /* view */ = {
			isa = PBXGroup;
			children = (
				368583AF2FD57B1200B3C36F /* BottomStatsSection.swift */,
				368583B12FD57B4800B3C36F /* ForecastSection.swift */,
				368583B32FD57B9300B3C36F /* HourlyForecastView.swift */,
				368583B52FD57BBC00B3C36F /* SavedLocationView.swift */,
				368583B72FD57C0100B3C36F /* TopWeatherSection.swift */,
				368583B92FD57C2500B3C36F /* WeatherBackground.swift */,
				368583BB2FD57C5000B3C36F /* WeatherDetailView.swift */,
				368583BD2FD57C7400B3C36F /* WeatherIconView.swift */,
			);
			path = view;
			sourceTree = "<group>";
		};
		36BE6FCE2FD7EA2B00709155 /* viewmodel */ = {
			isa = PBXGroup;
			children = (
				36BE6FCF2FD7EA4A00709155 /* HourlyViewModel.swift */,
				36BE6FD12FD7EA6E00709155 /* SearchViewModel.swift */,
				36BE6FD32FD7EA8A00709155 /* WeatherViewModel.swift */,
			);
			path = viewmodel;
			sourceTree = "<group>";
		};
/* End PBXGroup section */

/* Begin PBXNativeTarget section */
		36130C8D2FD55F430078FFB3 /* SkySays */ = {
			isa = PBXNativeTarget;
			buildConfigurationList = 36130CB42FD55F4B0078FFB3 /* Build configuration list for PBXNativeTarget "SkySays" */;
			buildPhases = (
				36130C8A2FD55F430078FFB3 /* Sources */,
				36130C8B2FD55F430078FFB3 /* Frameworks */,
				36130C8C2FD55F430078FFB3 /* Resources */,
			);
			buildRules = (
			);
			dependencies = (
			);
			name = SkySays;
			productName = SkySays;
			productReference = 36130C8E2FD55F430078FFB3 /* SkySays.app */;
			productType = "com.apple.product-type.application";
		};
		36130C9F2FD55F4B0078FFB3 /* SkySaysTests */ = {
			isa = PBXNativeTarget;
			buildConfigurationList = 36130CB72FD55F4B0078FFB3 /* Build configuration list for PBXNativeTarget "SkySaysTests" */;
			buildPhases = (
				36130C9C2FD55F4B0078FFB3 /* Sources */,
				36130C9D2FD55F4B0078FFB3 /* Frameworks */,
				36130C9E2FD55F4B0078FFB3 /* Resources */,
			);
			buildRules = (
			);
			dependencies = (
				36130CA22FD55F4B0078FFB3 /* PBXTargetDependency */,
			);
			name = SkySaysTests;
			productName = SkySaysTests;
			productReference = 36130CA02FD55F4B0078FFB3 /* SkySaysTests.xctest */;
			productType = "com.apple.product-type.bundle.unit-test";
		};
		36130CA92FD55F4B0078FFB3 /* SkySaysUITests */ = {
			isa = PBXNativeTarget;
			buildConfigurationList = 36130CBA2FD55F4B0078FFB3 /* Build configuration list for PBXNativeTarget "SkySaysUITests" */;
			buildPhases = (
				36130CA62FD55F4B0078FFB3 /* Sources */,
				36130CA72FD55F4B0078FFB3 /* Frameworks */,
				36130CA82FD55F4B0078FFB3 /* Resources */,
			);
			buildRules = (
			);
			dependencies = (
				36130CAC2FD55F4B0078FFB3 /* PBXTargetDependency */,
			);
			name = SkySaysUITests;
			productName = SkySaysUITests;
			productReference = 36130CAA2FD55F4B0078FFB3 /* SkySaysUITests.xctest */;
			productType = "com.apple.product-type.bundle.ui-testing";
		};
/* End PBXNativeTarget section */

/* Begin PBXProject section */
		36130C862FD55F430078FFB3 /* Project object */ = {
			isa = PBXProject;
			attributes = {
				BuildIndependentTargetsInParallel = 1;
				LastSwiftUpdateCheck = 1520;
				LastUpgradeCheck = 1520;
				TargetAttributes = {
					36130C8D2FD55F430078FFB3 = {
						CreatedOnToolsVersion = 15.2;
					};
					36130C9F2FD55F4B0078FFB3 = {
						CreatedOnToolsVersion = 15.2;
						TestTargetID = 36130C8D2FD55F430078FFB3;
					};
					36130CA92FD55F4B0078FFB3 = {
						CreatedOnToolsVersion = 15.2;
						TestTargetID = 36130C8D2FD55F430078FFB3;
					};
				};
			};
			buildConfigurationList = 36130C892FD55F430078FFB3 /* Build configuration list for PBXProject "SkySays" */;
			compatibilityVersion = "Xcode 14.0";
			developmentRegion = en;
			hasScannedForEncodings = 0;
			knownRegions = (
				en,
				Base,
			);
			mainGroup = 36130C852FD55F430078FFB3;
			productRefGroup = 36130C8F2FD55F430078FFB3 /* Products */;
			projectDirPath = "";
			projectRoot = "";
			targets = (
				36130C8D2FD55F430078FFB3 /* SkySays */,
				36130C9F2FD55F4B0078FFB3 /* SkySaysTests */,
				36130CA92FD55F4B0078FFB3 /* SkySaysUITests */,
			);
		};
/* End PBXProject section */

/* Begin PBXResourcesBuildPhase section */
		36130C8C2FD55F430078FFB3 /* Resources */ = {
			isa = PBXResourcesBuildPhase;
			buildActionMask = 2147483647;
			files = (
				36130C9B2FD55F4A0078FFB3 /* Preview Assets.xcassets in Resources */,
				36130C982FD55F4A0078FFB3 /* Assets.xcassets in Resources */,
			);
			runOnlyForDeploymentPostprocessing = 0;
		};
		36130C9E2FD55F4B0078FFB3 /* Resources */ = {
			isa = PBXResourcesBuildPhase;
			buildActionMask = 2147483647;
			files = (
			);
			runOnlyForDeploymentPostprocessing = 0;
		};
		36130CA82FD55F4B0078FFB3 /* Resources */ = {
			isa = PBXResourcesBuildPhase;
			buildActionMask = 2147483647;
			files = (
			);
			runOnlyForDeploymentPostprocessing = 0;
		};
/* End PBXResourcesBuildPhase section */

/* Begin PBXSourcesBuildPhase section */
		36130C8A2FD55F430078FFB3 /* Sources */ = {
			isa = PBXSourcesBuildPhase;
			buildActionMask = 2147483647;
			files = (
				368583BE2FD57C7400B3C36F /* WeatherIconView.swift in Sources */,
				368583B82FD57C0100B3C36F /* TopWeatherSection.swift in Sources */,
				368583B22FD57B4800B3C36F /* ForecastSection.swift in Sources */,
				368583BA2FD57C2500B3C36F /* WeatherBackground.swift in Sources */,
				368583A52FD5797700B3C36F /* ForecastDay.swift in Sources */,
				368583A82FD579DE00B3C36F /* WeatherService.swift in Sources */,
				36BE6FD22FD7EA6E00709155 /* SearchViewModel.swift in Sources */,
				368583B62FD57BBC00B3C36F /* SavedLocationView.swift in Sources */,
				368583BC2FD57C5000B3C36F /* WeatherDetailView.swift in Sources */,
				3685839F2FD5788E00B3C36F /* LocationInfo.swift in Sources */,
				36BE6FD42FD7EA8A00709155 /* WeatherViewModel.swift in Sources */,
				36130C942FD55F430078FFB3 /* ContentView.swift in Sources */,
				368583A12FD578AD00B3C36F /* CurrentWeather.swift in Sources */,
				36A690EB2FD9876700AF164A /* WeatherError.swift in Sources */,
				3685839B2FD5781400B3C36F /* SavedLocation.swift in Sources */,
				36130C922FD55F430078FFB3 /* SkySaysApp.swift in Sources */,
				368583AB2FD57A3800B3C36F /* General.swift in Sources */,
				36BE6FD02FD7EA4A00709155 /* HourlyViewModel.swift in Sources */,
				368583B42FD57B9300B3C36F /* HourlyForecastView.swift in Sources */,
				3685839D2FD5782900B3C36F /* WeatherModel.swift in Sources */,
				368583B02FD57B1200B3C36F /* BottomStatsSection.swift in Sources */,
			);
			runOnlyForDeploymentPostprocessing = 0;
		};
		36130C9C2FD55F4B0078FFB3 /* Sources */ = {
			isa = PBXSourcesBuildPhase;
			buildActionMask = 2147483647;
			files = (
				36130CA52FD55F4B0078FFB3 /* SkySaysTests.swift in Sources */,
			);
			runOnlyForDeploymentPostprocessing = 0;
		};
		36130CA62FD55F4B0078FFB3 /* Sources */ = {
			isa = PBXSourcesBuildPhase;
			buildActionMask = 2147483647;
			files = (
				36130CB12FD55F4B0078FFB3 /* SkySaysUITestsLaunchTests.swift in Sources */,
				36130CAF2FD55F4B0078FFB3 /* SkySaysUITests.swift in Sources */,
			);
			runOnlyForDeploymentPostprocessing = 0;
		};
/* End PBXSourcesBuildPhase section */

/* Begin PBXTargetDependency section */
		36130CA22FD55F4B0078FFB3 /* PBXTargetDependency */ = {
			isa = PBXTargetDependency;
			target = 36130C8D2FD55F430078FFB3 /* SkySays */;
			targetProxy = 36130CA12FD55F4B0078FFB3 /* PBXContainerItemProxy */;
		};
		36130CAC2FD55F4B0078FFB3 /* PBXTargetDependency */ = {
			isa = PBXTargetDependency;
			target = 36130C8D2FD55F430078FFB3 /* SkySays */;
			targetProxy = 36130CAB2FD55F4B0078FFB3 /* PBXContainerItemProxy */;
		};
/* End PBXTargetDependency section */

/* Begin XCBuildConfiguration section */
		36130CB22FD55F4B0078FFB3 /* Debug */ = {
			isa = XCBuildConfiguration;
			baseConfigurationReference = 36A690EC2FD988A500AF164A /* Secrets.xcconfig */;
			buildSettings = {
				ALWAYS_SEARCH_USER_PATHS = NO;
				ASSETCATALOG_COMPILER_GENERATE_SWIFT_ASSET_SYMBOL_EXTENSIONS = YES;
				CLANG_ANALYZER_NONNULL = YES;
				CLANG_ANALYZER_NUMBER_OBJECT_CONVERSION = YES_AGGRESSIVE;
				CLANG_CXX_LANGUAGE_STANDARD = "gnu++20";
				CLANG_ENABLE_MODULES = YES;
				CLANG_ENABLE_OBJC_ARC = YES;
				CLANG_ENABLE_OBJC_WEAK = YES;
				CLANG_WARN_BLOCK_CAPTURE_AUTORELEASING = YES;
				CLANG_WARN_BOOL_CONVERSION = YES;
				CLANG_WARN_COMMA = YES;
				CLANG_WARN_CONSTANT_CONVERSION = YES;
				CLANG_WARN_DEPRECATED_OBJC_IMPLEMENTATIONS = YES;
				CLANG_WARN_DIRECT_OBJC_ISA_USAGE = YES_ERROR;
				CLANG_WARN_DOCUMENTATION_COMMENTS = YES;
				CLANG_WARN_EMPTY_BODY = YES;
				CLANG_WARN_ENUM_CONVERSION = YES;
				CLANG_WARN_INFINITE_RECURSION = YES;
				CLANG_WARN_INT_CONVERSION = YES;
				CLANG_WARN_NON_LITERAL_NULL_CONVERSION = YES;
				CLANG_WARN_OBJC_IMPLICIT_RETAIN_SELF = YES;
				CLANG_WARN_OBJC_LITERAL_CONVERSION = YES;
				CLANG_WARN_OBJC_ROOT_CLASS = YES_ERROR;
				CLANG_WARN_QUOTED_INCLUDE_IN_FRAMEWORK_HEADER = YES;
				CLANG_WARN_RANGE_LOOP_ANALYSIS = YES;
				CLANG_WARN_STRICT_PROTOTYPES = YES;
				CLANG_WARN_SUSPICIOUS_MOVE = YES;
				CLANG_WARN_UNGUARDED_AVAILABILITY = YES_AGGRESSIVE;
				CLANG_WARN_UNREACHABLE_CODE = YES;
				CLANG_WARN__DUPLICATE_METHOD_MATCH = YES;
				COPY_PHASE_STRIP = NO;
				DEBUG_INFORMATION_FORMAT = dwarf;
				ENABLE_STRICT_OBJC_MSGSEND = YES;
				ENABLE_TESTABILITY = YES;
				ENABLE_USER_SCRIPT_SANDBOXING = YES;
				GCC_C_LANGUAGE_STANDARD = gnu17;
				GCC_DYNAMIC_NO_PIC = NO;
				GCC_NO_COMMON_BLOCKS = YES;
				GCC_OPTIMIZATION_LEVEL = 0;
				GCC_PREPROCESSOR_DEFINITIONS = (
					"DEBUG=1",
					"$(inherited)",
				);
				GCC_WARN_64_TO_32_BIT_CONVERSION = YES;
				GCC_WARN_ABOUT_RETURN_TYPE = YES_ERROR;
				GCC_WARN_UNDECLARED_SELECTOR = YES;
				GCC_WARN_UNINITIALIZED_AUTOS = YES_AGGRESSIVE;
				GCC_WARN_UNUSED_FUNCTION = YES;
				GCC_WARN_UNUSED_VARIABLE = YES;
				IPHONEOS_DEPLOYMENT_TARGET = 17.2;
				LOCALIZATION_PREFERS_STRING_CATALOGS = YES;
				MTL_ENABLE_DEBUG_INFO = INCLUDE_SOURCE;
				MTL_FAST_MATH = YES;
				ONLY_ACTIVE_ARCH = YES;
				SDKROOT = iphoneos;
				SWIFT_ACTIVE_COMPILATION_CONDITIONS = "DEBUG $(inherited)";
				SWIFT_OPTIMIZATION_LEVEL = "-Onone";
			};
			name = Debug;
		};
		36130CB32FD55F4B0078FFB3 /* Release */ = {
			isa = XCBuildConfiguration;
			baseConfigurationReference = 36A690EC2FD988A500AF164A /* Secrets.xcconfig */;
			buildSettings = {
				ALWAYS_SEARCH_USER_PATHS = NO;
				ASSETCATALOG_COMPILER_GENERATE_SWIFT_ASSET_SYMBOL_EXTENSIONS = YES;
				CLANG_ANALYZER_NONNULL = YES;
				CLANG_ANALYZER_NUMBER_OBJECT_CONVERSION = YES_AGGRESSIVE;
				CLANG_CXX_LANGUAGE_STANDARD = "gnu++20";
				CLANG_ENABLE_MODULES = YES;
				CLANG_ENABLE_OBJC_ARC = YES;
				CLANG_ENABLE_OBJC_WEAK = YES;
				CLANG_WARN_BLOCK_CAPTURE_AUTORELEASING = YES;
				CLANG_WARN_BOOL_CONVERSION = YES;
				CLANG_WARN_COMMA = YES;
				CLANG_WARN_CONSTANT_CONVERSION = YES;
				CLANG_WARN_DEPRECATED_OBJC_IMPLEMENTATIONS = YES;
				CLANG_WARN_DIRECT_OBJC_ISA_USAGE = YES_ERROR;
				CLANG_WARN_DOCUMENTATION_COMMENTS = YES;
				CLANG_WARN_EMPTY_BODY = YES;
				CLANG_WARN_ENUM_CONVERSION = YES;
				CLANG_WARN_INFINITE_RECURSION = YES;
				CLANG_WARN_INT_CONVERSION = YES;
				CLANG_WARN_NON_LITERAL_NULL_CONVERSION = YES;
				CLANG_WARN_OBJC_IMPLICIT_RETAIN_SELF = YES;
				CLANG_WARN_OBJC_LITERAL_CONVERSION = YES;
				CLANG_WARN_OBJC_ROOT_CLASS = YES_ERROR;
				CLANG_WARN_QUOTED_INCLUDE_IN_FRAMEWORK_HEADER = YES;
				CLANG_WARN_RANGE_LOOP_ANALYSIS = YES;
				CLANG_WARN_STRICT_PROTOTYPES = YES;
				CLANG_WARN_SUSPICIOUS_MOVE = YES;
				CLANG_WARN_UNGUARDED_AVAILABILITY = YES_AGGRESSIVE;
				CLANG_WARN_UNREACHABLE_CODE = YES;
				CLANG_WARN__DUPLICATE_METHOD_MATCH = YES;
				COPY_PHASE_STRIP = NO;
				DEBUG_INFORMATION_FORMAT = "dwarf-with-dsym";
				ENABLE_NS_ASSERTIONS = NO;
				ENABLE_STRICT_OBJC_MSGSEND = YES;
				ENABLE_USER_SCRIPT_SANDBOXING = YES;
				GCC_C_LANGUAGE_STANDARD = gnu17;
				GCC_NO_COMMON_BLOCKS = YES;
				GCC_WARN_64_TO_32_BIT_CONVERSION = YES;
				GCC_WARN_ABOUT_RETURN_TYPE = YES_ERROR;
				GCC_WARN_UNDECLARED_SELECTOR = YES;
				GCC_WARN_UNINITIALIZED_AUTOS = YES_AGGRESSIVE;
				GCC_WARN_UNUSED_FUNCTION = YES;
				GCC_WARN_UNUSED_VARIABLE = YES;
				IPHONEOS_DEPLOYMENT_TARGET = 17.2;
				LOCALIZATION_PREFERS_STRING_CATALOGS = YES;
				MTL_ENABLE_DEBUG_INFO = NO;
				MTL_FAST_MATH = YES;
				SDKROOT = iphoneos;
				SWIFT_COMPILATION_MODE = wholemodule;
				VALIDATE_PRODUCT = YES;
			};
			name = Release;
		};
		36130CB52FD55F4B0078FFB3 /* Debug */ = {
			isa = XCBuildConfiguration;
			buildSettings = {
				ASSETCATALOG_COMPILER_APPICON_NAME = AppIcon;
				ASSETCATALOG_COMPILER_GLOBAL_ACCENT_COLOR_NAME = AccentColor;
				CODE_SIGN_STYLE = Automatic;
				CURRENT_PROJECT_VERSION = 1;
				DEVELOPMENT_ASSET_PATHS = "\"SkySays/Preview Content\"";
				ENABLE_PREVIEWS = YES;
				GENERATE_INFOPLIST_FILE = YES;
				INFOPLIST_FILE = SkySays/Info.plist;
				INFOPLIST_KEY_NSLocationUsageDescription = "SkySays needs your location to show local weather";
				INFOPLIST_KEY_NSLocationWhenInUseUsageDescription = "SkySays needs your location to show local weather";
				INFOPLIST_KEY_UIApplicationSceneManifest_Generation = YES;
				INFOPLIST_KEY_UIApplicationSupportsIndirectInputEvents = YES;
				INFOPLIST_KEY_UILaunchScreen_Generation = YES;
				INFOPLIST_KEY_UISupportedInterfaceOrientations_iPad = "UIInterfaceOrientationPortrait UIInterfaceOrientationPortraitUpsideDown UIInterfaceOrientationLandscapeLeft UIInterfaceOrientationLandscapeRight";
				INFOPLIST_KEY_UISupportedInterfaceOrientations_iPhone = "UIInterfaceOrientationPortrait UIInterfaceOrientationLandscapeLeft UIInterfaceOrientationLandscapeRight";
				LD_RUNPATH_SEARCH_PATHS = (
					"$(inherited)",
					"@executable_path/Frameworks",
				);
				MARKETING_VERSION = 1.0;
				PRODUCT_BUNDLE_IDENTIFIER = ITI.SkySays;
				PRODUCT_NAME = "$(TARGET_NAME)";
				SWIFT_EMIT_LOC_STRINGS = YES;
				SWIFT_VERSION = 5.0;
				TARGETED_DEVICE_FAMILY = "1,2";
			};
			name = Debug;
		};
		36130CB62FD55F4B0078FFB3 /* Release */ = {
			isa = XCBuildConfiguration;
			buildSettings = {
				ASSETCATALOG_COMPILER_APPICON_NAME = AppIcon;
				ASSETCATALOG_COMPILER_GLOBAL_ACCENT_COLOR_NAME = AccentColor;
				CODE_SIGN_STYLE = Automatic;
				CURRENT_PROJECT_VERSION = 1;
				DEVELOPMENT_ASSET_PATHS = "\"SkySays/Preview Content\"";
				ENABLE_PREVIEWS = YES;
				GENERATE_INFOPLIST_FILE = YES;
				INFOPLIST_FILE = SkySays/Info.plist;
				INFOPLIST_KEY_NSLocationUsageDescription = "SkySays needs your location to show local weather";
				INFOPLIST_KEY_NSLocationWhenInUseUsageDescription = "SkySays needs your location to show local weather";
				INFOPLIST_KEY_UIApplicationSceneManifest_Generation = YES;
				INFOPLIST_KEY_UIApplicationSupportsIndirectInputEvents = YES;
				INFOPLIST_KEY_UILaunchScreen_Generation = YES;
				INFOPLIST_KEY_UISupportedInterfaceOrientations_iPad = "UIInterfaceOrientationPortrait UIInterfaceOrientationPortraitUpsideDown UIInterfaceOrientationLandscapeLeft UIInterfaceOrientationLandscapeRight";
				INFOPLIST_KEY_UISupportedInterfaceOrientations_iPhone = "UIInterfaceOrientationPortrait UIInterfaceOrientationLandscapeLeft UIInterfaceOrientationLandscapeRight";
				LD_RUNPATH_SEARCH_PATHS = (
					"$(inherited)",
					"@executable_path/Frameworks",
				);
				MARKETING_VERSION = 1.0;
				PRODUCT_BUNDLE_IDENTIFIER = ITI.SkySays;
				PRODUCT_NAME = "$(TARGET_NAME)";
				SWIFT_EMIT_LOC_STRINGS = YES;
				SWIFT_VERSION = 5.0;
				TARGETED_DEVICE_FAMILY = "1,2";
			};
			name = Release;
		};
		36130CB82FD55F4B0078FFB3 /* Debug */ = {
			isa = XCBuildConfiguration;
			buildSettings = {
				ALWAYS_EMBED_SWIFT_STANDARD_LIBRARIES = YES;
				BUNDLE_LOADER = "$(TEST_HOST)";
				CODE_SIGN_STYLE = Automatic;
				CURRENT_PROJECT_VERSION = 1;
				GENERATE_INFOPLIST_FILE = YES;
				IPHONEOS_DEPLOYMENT_TARGET = 17.2;
				MARKETING_VERSION = 1.0;
				PRODUCT_BUNDLE_IDENTIFIER = ITI.SkySaysTests;
				PRODUCT_NAME = "$(TARGET_NAME)";
				SWIFT_EMIT_LOC_STRINGS = NO;
				SWIFT_VERSION = 5.0;
				TARGETED_DEVICE_FAMILY = "1,2";
				TEST_HOST = "$(BUILT_PRODUCTS_DIR)/SkySays.app/$(BUNDLE_EXECUTABLE_FOLDER_PATH)/SkySays";
			};
			name = Debug;
		};
		36130CB92FD55F4B0078FFB3 /* Release */ = {
			isa = XCBuildConfiguration;
			buildSettings = {
				ALWAYS_EMBED_SWIFT_STANDARD_LIBRARIES = YES;
				BUNDLE_LOADER = "$(TEST_HOST)";
				CODE_SIGN_STYLE = Automatic;
				CURRENT_PROJECT_VERSION = 1;
				GENERATE_INFOPLIST_FILE = YES;
				IPHONEOS_DEPLOYMENT_TARGET = 17.2;
				MARKETING_VERSION = 1.0;
				PRODUCT_BUNDLE_IDENTIFIER = ITI.SkySaysTests;
				PRODUCT_NAME = "$(TARGET_NAME)";
				SWIFT_EMIT_LOC_STRINGS = NO;
				SWIFT_VERSION = 5.0;
				TARGETED_DEVICE_FAMILY = "1,2";
				TEST_HOST = "$(BUILT_PRODUCTS_DIR)/SkySays.app/$(BUNDLE_EXECUTABLE_FOLDER_PATH)/SkySays";
			};
			name = Release;
		};
		36130CBB2FD55F4B0078FFB3 /* Debug */ = {
			isa = XCBuildConfiguration;
			buildSettings = {
				ALWAYS_EMBED_SWIFT_STANDARD_LIBRARIES = YES;
				CODE_SIGN_STYLE = Automatic;
				CURRENT_PROJECT_VERSION = 1;
				GENERATE_INFOPLIST_FILE = YES;
				MARKETING_VERSION = 1.0;
				PRODUCT_BUNDLE_IDENTIFIER = ITI.SkySaysUITests;
				PRODUCT_NAME = "$(TARGET_NAME)";
				SWIFT_EMIT_LOC_STRINGS = NO;
				SWIFT_VERSION = 5.0;
				TARGETED_DEVICE_FAMILY = "1,2";
				TEST_TARGET_NAME = SkySays;
			};
			name = Debug;
		};
		36130CBC2FD55F4B0078FFB3 /* Release */ = {
			isa = XCBuildConfiguration;
			buildSettings = {
				ALWAYS_EMBED_SWIFT_STANDARD_LIBRARIES = YES;
				CODE_SIGN_STYLE = Automatic;
				CURRENT_PROJECT_VERSION = 1;
				GENERATE_INFOPLIST_FILE = YES;
				MARKETING_VERSION = 1.0;
				PRODUCT_BUNDLE_IDENTIFIER = ITI.SkySaysUITests;
				PRODUCT_NAME = "$(TARGET_NAME)";
				SWIFT_EMIT_LOC_STRINGS = NO;
				SWIFT_VERSION = 5.0;
				TARGETED_DEVICE_FAMILY = "1,2";
				TEST_TARGET_NAME = SkySays;
			};
			name = Release;
		};
/* End XCBuildConfiguration section */

/* Begin XCConfigurationList section */
		36130C892FD55F430078FFB3 /* Build configuration list for PBXProject "SkySays" */ = {
			isa = XCConfigurationList;
			buildConfigurations = (
				36130CB22FD55F4B0078FFB3 /* Debug */,
				36130CB32FD55F4B0078FFB3 /* Release */,
			);
			defaultConfigurationIsVisible = 0;
			defaultConfigurationName = Release;
		};
		36130CB42FD55F4B0078FFB3 /* Build configuration list for PBXNativeTarget "SkySays" */ = {
			isa = XCConfigurationList;
			buildConfigurations = (
				36130CB52FD55F4B0078FFB3 /* Debug */,
				36130CB62FD55F4B0078FFB3 /* Release */,
			);
			defaultConfigurationIsVisible = 0;
			defaultConfigurationName = Release;
		};
		36130CB72FD55F4B0078FFB3 /* Build configuration list for PBXNativeTarget "SkySaysTests" */ = {
			isa = XCConfigurationList;
			buildConfigurations = (
				36130CB82FD55F4B0078FFB3 /* Debug */,
				36130CB92FD55F4B0078FFB3 /* Release */,
			);
			defaultConfigurationIsVisible = 0;
			defaultConfigurationName = Release;
		};
		36130CBA2FD55F4B0078FFB3 /* Build configuration list for PBXNativeTarget "SkySaysUITests" */ = {
			isa = XCConfigurationList;
			buildConfigurations = (
				36130CBB2FD55F4B0078FFB3 /* Debug */,
				36130CBC2FD55F4B0078FFB3 /* Release */,
			);
			defaultConfigurationIsVisible = 0;
			defaultConfigurationName = Release;
		};
/* End XCConfigurationList section */
	};
	rootObject = 36130C862FD55F430078FFB3 /* Project object */;
}
